// !$*UTF8*$!
{
	archiveVersion = 1;
	classes = {
	};
	objectVersion = 46;
	objects = {

/* Begin PBXBuildFile section */
		500AE3E91AB1A8A8005456BD /* main.cpp in Sources */ = {isa = PBXBuildFile; fileRef = 500AE3E81AB1A8A8005456BD /* main.cpp */; };
/* End PBXBuildFile section */

/* Begin PBXCopyFilesBuildPhase section */
		500AE3E31AB1A8A8005456BD /* CopyFiles */ = {
			isa = PBXCopyFilesBuildPhase;
			buildActionMask = 2147483647;
			dstPath = /usr/share/man/man1/;
			dstSubfolderSpec = 0;
			files = (
			);
			runOnlyForDeploymentPostprocessing = 1;
		};
/* End PBXCopyFilesBuildPhase section */

/* Begin PBXFileReference section */
		500AE3E51AB1A8A8005456BD /* MatrixAuntHW */ = {isa = PBXFileReference; explicitFileType = "compiled.mach-o.executable"; includeInIndex = 0; path = MatrixAuntHW; sourceTree = BUILT_PRODUCTS_DIR; };
		500AE3E81AB1A8A8005456BD /* main.cpp */ = {isa = PBXFileReference; lastKnownFileType = sourcecode.cpp.cpp; path = main.cpp; sourceTree = "<group>"; };
/* End PBXFileReference section */

/* Begin PBXFrameworksBuildPhase section */
		500AE3E21AB1A8A8005456BD /* Frameworks */ = {
			isa = PBXFrameworksBuildPhase;
			buildActionMask = 2147483647;
			files = (
			);
			runOnlyForDeploymentPostprocessing = 0;
		};
/* End PBXFrameworksBuildPhase section */

/* Begin PBXGroup section */
		500AE3DC1AB1A8A8005456BD = {
			isa = PBXGroup;
			children = (
				500AE3E71AB1A8A8005456BD /* MatrixAuntHW */,
				500AE3E61AB1A8A8005456BD /* Products */,
			);
			sourceTree = "<group>";
		};
		500AE3E61AB1A8A8005456BD /* Products */ = {
			isa = PBXGroup;
			children = (
				500AE3E51AB1A8A8005456BD /* MatrixAuntHW */,
			);
			name = Products;
			sourceTree = "<group>";
		};
		500AE3E71AB1A8A8005456BD /* MatrixAuntHW */ = {
			isa = PBXGroup;
			children = (
				500AE3E81AB1A8A8005456BD /* main.cpp */,
			);
			path = MatrixAuntHW;
			sourceTree = "<group>";
		};
/* End PBXGroup section */

/* Begin PBXNativeTarget section */
		500AE3E41AB1A8A8005456BD /* MatrixAuntHW */ = {
			isa = PBXNativeTarget;
			buildConfigurationList = 500AE3EC1AB1A8A9005456BD /* Build configuration list for PBXNativeTarget "MatrixAuntHW" */;
			buildPhases = (
				500AE3E11AB1A8A8005456BD /* Sources */,
				500AE3E21AB1A8A8005456BD /* Frameworks */,
				500AE3E31AB1A8A8005456BD /* CopyFiles */,
			);
			buildRules = (
			);
			dependencies = (
			);
			name = MatrixAuntHW;
			productName = MatrixAuntHW;
			productReference = 500AE3E51AB1A8A8005456BD /* MatrixAuntHW */;
			productType = "com.apple.product-type.tool";
		};
/* End PBXNativeTarget section */

/* Begin PBXProject section */
		500AE3DD1AB1A8A8005456BD /* Project object */ = {
			isa = PBXProject;
			attributes = {
				LastUpgradeCheck = 0620;
				ORGANIZATIONNAME = "Ivan Magda";
				TargetAttributes = {
					500AE3E41AB1A8A8005456BD = {
						CreatedOnToolsVersion = 6.2;
					};
				};
			};
			buildConfigurationList = 500AE3E01AB1A8A8005456BD /* Build configuration list for PBXProject "MatrixAuntHW" */;
			compatibilityVersion = "Xcode 3.2";
			developmentRegion = English;
			hasScannedForEncodings = 0;
			knownRegions = (
				en,
			);
			mainGroup = 500AE3DC1AB1A8A8005456BD;
			productRefGroup = 500AE3E61AB1A8A8005456BD /* Products */;
			projectDirPath = "";
			projectRoot = "";
			targets = (
				500AE3E41AB1A8A8005456BD /* MatrixAuntHW */,
			);
		};
/* End PBXProject section */

/* Begin PBXSourcesBuildPhase section */
		500AE3E11AB1A8A8005456BD /* Sources */ = {
			isa = PBXSourcesBuildPhase;
			buildActionMask = 2147483647;
			files = (
				500AE3E91AB1A8A8005456BD /* main.cpp in Sources */,
			);
			runOnlyForDeploymentPostprocessing = 0;
		};
/* End PBXSourcesBuildPhase section */

/* Begin XCBuildConfiguration section */
		500AE3EA1AB1A8A8005456BD /* Debug */ = {
			isa = XCBuildConfiguration;
			buildSettings = {
				ALWAYS_SEARCH_USER_PATHS = NO;
				CLANG_CXX_LANGUAGE_STANDARD = "gnu++0x";
				CLANG_CXX_LIBRARY = "libc++";
				CLANG_ENABLE_MODULES = YES;
				CLANG_ENABLE_OBJC_ARC = YES;
				CLANG_WARN_BOOL_CONVERSION = YES;
				CLANG_WARN_CONSTANT_CONVERSION = YES;
				CLANG_WARN_DIRECT_OBJC_ISA_USAGE = YES_ERROR;
				CLANG_WARN_EMPTY_BODY = YES;
				CLANG_WARN_ENUM_CONVERSION = YES;
				CLANG_WARN_INT_CONVERSION = YES;
				CLANG_WARN_OBJC_ROOT_CLASS = YES_ERROR;
				CLANG_WARN_UNREACHABLE_CODE = YES;
				CLANG_WARN__DUPLICATE_METHOD_MATCH = YES;
				COPY_PHASE_STRIP = NO;
				ENABLE_STRICT_OBJC_MSGSEND = YES;
				GCC_C_LANGUAGE_STANDARD = gnu99;
				GCC_DYNAMIC_NO_PIC = NO;
				GCC_OPTIMIZATION_LEVEL = 0;
				GCC_PREPROCESSOR_DEFINITIONS = (
					"DEBUG=1",
					"$(inherited)",
				);
				GCC_SYMBOLS_PRIVATE_EXTERN = NO;
				GCC_WARN_64_TO_32_BIT_CONVERSION = YES;
				GCC_WARN_ABOUT_RETURN_TYPE = YES_ERROR;
				GCC_WARN_UNDECLARED_SELECTOR = YES;
				GCC_WARN_UNINITIALIZED_AUTOS = YES_AGGRESSIVE;
				GCC_WARN_UNUSED_FUNCTION = YES;
				GCC_WARN_UNUSED_VARIABLE = YES;
				MACOSX_DEPLOYMENT_TARGET = 10.10;
				MTL_ENABLE_DEBUG_INFO = YES;
				ONLY_ACTIVE_ARCH = YES;
				SDKROOT = macosx;
			};
			name = Debug;
		};
		500AE3EB1AB1A8A8005456BD /* Release */ = {
			isa = XCBuildConfiguration;
			buildSettings = {
				ALWAYS_SEARCH_USER_PATHS = NO;
				CLANG_CXX_LANGUAGE_STANDARD = "gnu++0x";
				CLANG_CXX_LIBRARY = "libc++";
				CLANG_ENABLE_MODULES = YES;
				CLANG_ENABLE_OBJC_ARC = YES;
				CLANG_WARN_BOOL_CONVERSION = YES;
				CLANG_WARN_CONSTANT_CONVERSION = YES;
				CLANG_WARN_DIRECT_OBJC_ISA_USAGE = YES_ERROR;
				CLANG_WARN_EMPTY_BODY = YES;
				CLANG_WARN_ENUM_CONVERSION = YES;
				CLANG_WARN_INT_CONVERSION = YES;
				CLANG_WARN_OBJC_ROOT_CLASS = YES_ERROR;
				CLANG_WARN_UNREACHABLE_CODE = YES;
				CLANG_WARN__DUPLICATE_METHOD_MATCH = YES;
				COPY_PHASE_STRIP = NO;
				DEBUG_INFORMATION_FORMAT = "dwarf-with-dsym";
				ENABLE_NS_ASSERTIONS = NO;
				ENABLE_STRICT_OBJC_MSGSEND = YES;
				GCC_C_LANGUAGE_STANDARD = gnu99;
				GCC_WARN_64_TO_32_BIT_CONVERSION = YES;
				GCC_WARN_ABOUT_RETURN_TYPE = YES_ERROR;
				GCC_WARN_UNDECLARED_SELECTOR = YES;
				GCC_WARN_UNINITIALIZED_AUTOS = YES_AGGRESSIVE;
				GCC_WARN_UNUSED_FUNCTION = YES;
				GCC_WARN_UNUSED_VARIABLE = YES;
				MACOSX_DEPLOYMENT_TARGET = 10.10;
				MTL_ENABLE_DEBUG_INFO = NO;
				SDKROOT = macosx;
			};
			name = Release;
		};
		500AE3ED1AB1A8A9005456BD /* Debug */ = {
			isa = XCBuildConfiguration;
			buildSettings = {
				PRODUCT_NAME = "$(TARGET_NAME)";
			};
			name = Debug;
		};
		500AE3EE1AB1A8A9005456BD /* Release */ = {
			isa = XCBuildConfiguration;
			buildSettings = {
				PRODUCT_NAME = "$(TARGET_NAME)";
			};
			name = Release;
		};
/* End XCBuildConfiguration section */

/* Begin XCConfigurationList section */
		500AE3E01AB1A8A8005456BD /* Build configuration list for PBXProject "MatrixAuntHW" */ = {
			isa = XCConfigurationList;
			buildConfigurations = (
				500AE3EA1AB1A8A8005456BD /* Debug */,
				500AE3EB1AB1A8A8005456BD /* Release */,
			);
			defaultConfigurationIsVisible = 0;
			defaultConfigurationName = Release;
		};
		500AE3EC1AB1A8A9005456BD /* Build configuration list for PBXNativeTarget "MatrixAuntHW" */ = {
			isa = XCConfigurationList;
			buildConfigurations = (
				500AE3ED1AB1A8A9005456BD /* Debug */,
				500AE3EE1AB1A8A9005456BD /* Release */,
			);
			defaultConfigurationIsVisible = 0;
		};
/* End XCConfigurationList section */
	};
	rootObject = 500AE3DD1AB1A8A8005456BD /* Project object */;
}
